
Microsoft Visual Studio Solution File, Format Version 12.00
# Visual Studio Version 16
VisualStudioVersion = 16.0.31911.196
MinimumVisualStudioVersion = 10.0.40219.1
Project("{FAE04EC0-301F-11D3-BF4B-00C04F79EFBC}") = "File_manager", "File_manager.csproj", "{31384D82-3CE7-48BC-A3B5-AB0054B5AE4E}"
EndProject
Global
	GlobalSection(SolutionConfigurationPlatforms) = preSolution
		Debug|Any CPU = Debug|Any CPU
		Release|Any CPU = Release|Any CPU
	EndGlobalSection
	GlobalSection(ProjectConfigurationPlatforms) = postSolution
		{31384D82-3CE7-48BC-A3B5-AB0054B5AE4E}.Debug|Any CPU.ActiveCfg = Debug|Any CPU
		{31384D82-3CE7-48BC-A3B5-AB0054B5AE4E}.Debug|Any CPU.Build.0 = Debug|Any CPU
		{31384D82-3CE7-48BC-A3B5-AB0054B5AE4E}.Release|Any CPU.ActiveCfg = Release|Any CPU
		{31384D82-3CE7-48BC-A3B5-AB0054B5AE4E}.Release|Any CPU.Build.0 = Release|Any CPU
	EndGlobalSection
	GlobalSection(SolutionProperties) = preSolution
		HideSolutionNode = FALSE
	EndGlobalSection
	GlobalSection(ExtensibilityGlobals) = postSolution
		SolutionGuid = {4936F42E-1CC2-44E2-BEE8-28F8E38363C4}
	EndGlobalSection
EndGlobal
